
Microsoft Visual Studio Solution File, Format Version 12.00
# Visual Studio 15
VisualStudioVersion = 15.0.28307.421
MinimumVisualStudioVersion = 10.0.40219.1
Project("{9A19103F-16F7-4668-BE54-9A1E7A4F7556}") = "RBAConf", "RBAConf\RBAConf.csproj", "{419F5031-E721-43A2-BB4A-7CFEFF9B5D37}"
EndProject
Project("{9A19103F-16F7-4668-BE54-9A1E7A4F7556}") = "RBAConf.Tests", "RBAConf.Tests\RBAConf.Tests.csproj", "{400F5625-F355-49A1-B0B2-5C2BD62DF1AD}"
EndProject
Global
	GlobalSection(SolutionConfigurationPlatforms) = preSolution
		Debug|Any CPU = Debug|Any CPU
		Release|Any CPU = Release|Any CPU
	EndGlobalSection
	GlobalSection(ProjectConfigurationPlatforms) = postSolution
		{419F5031-E721-43A2-BB4A-7CFEFF9B5D37}.Debug|Any CPU.ActiveCfg = Debug|Any CPU
		{419F5031-E721-43A2-BB4A-7CFEFF9B5D37}.Debug|Any CPU.Build.0 = Debug|Any CPU
		{419F5031-E721-43A2-BB4A-7CFEFF9B5D37}.Release|Any CPU.ActiveCfg = Release|Any CPU
		{419F5031-E721-43A2-BB4A-7CFEFF9B5D37}.Release|Any CPU.Build.0 = Release|Any CPU
		{400F5625-F355-49A1-B0B2-5C2BD62DF1AD}.Debug|Any CPU.ActiveCfg = Debug|Any CPU
		{400F5625-F355-49A1-B0B2-5C2BD62DF1AD}.Debug|Any CPU.Build.0 = Debug|Any CPU
		{400F5625-F355-49A1-B0B2-5C2BD62DF1AD}.Release|Any CPU.ActiveCfg = Release|Any CPU
		{400F5625-F355-49A1-B0B2-5C2BD62DF1AD}.Release|Any CPU.Build.0 = Release|Any CPU
	EndGlobalSection
	GlobalSection(SolutionProperties) = preSolution
		HideSolutionNode = FALSE
	EndGlobalSection
	GlobalSection(ExtensibilityGlobals) = postSolution
		SolutionGuid = {8473BF54-C358-4486-A66D-0F0DB223D7C0}
	EndGlobalSection
EndGlobal
